
Microsoft Visual Studio Solution File, Format Version 12.00
# Visual Studio Version 17
VisualStudioVersion = 17.9.34607.119
MinimumVisualStudioVersion = 10.0.40219.1
Project("{2150E333-8FDC-42A3-9474-1A3956D46DE8}") = "Platform", "Platform", "{CCAC0175-F24E-4164-87E0-292798B91CE1}"
EndProject
Project("{2150E333-8FDC-42A3-9474-1A3956D46DE8}") = "BaseProject", "BaseProject", "{FACCA513-C821-4EF7-8680-BF45EEA46126}"
EndProject
Project("{2150E333-8FDC-42A3-9474-1A3956D46DE8}") = "Core", "Core", "{DBC3024C-2BC1-4EF1-AD8A-C2B0C1CE8043}"
EndProject
Project("{2150E333-8FDC-42A3-9474-1A3956D46DE8}") = "Infrastructure", "Infrastructure", "{D0C1B6EA-51B5-466B-B0C9-49456133AC4A}"
EndProject
Project("{2150E333-8FDC-42A3-9474-1A3956D46DE8}") = "Presentation", "Presentation", "{F1A154E4-87C2-4C54-B821-C8CDDF1529B5}"
EndProject
Project("{2150E333-8FDC-42A3-9474-1A3956D46DE8}") = "Core", "Core", "{6C3EB85A-B562-4B18-8F04-494BDC266AD4}"
EndProject
Project("{2150E333-8FDC-42A3-9474-1A3956D46DE8}") = "Infrastructure", "Infrastructure", "{7F6ECA95-0C53-4825-95C9-5C6B3DCEC1AD}"
EndProject
Project("{2150E333-8FDC-42A3-9474-1A3956D46DE8}") = "Presentation", "Presentation", "{028499CF-69F7-4A45-8C15-4D29C8B8A4F0}"
EndProject
Project("{9A19103F-16F7-4668-BE54-9A1E7A4F7556}") = "Platform.Application", "Platform\Core\Platform.Application\Platform.Application.csproj", "{0293F589-0E13-42C2-9ED2-A78C9F699CC4}"
EndProject
Project("{9A19103F-16F7-4668-BE54-9A1E7A4F7556}") = "Platform.Domain", "Platform\Core\Platform.Domain\Platform.Domain.csproj", "{2CAFB873-B6D8-4668-9416-32A26D647563}"
EndProject
Project("{9A19103F-16F7-4668-BE54-9A1E7A4F7556}") = "Platform.Infrastructure", "Platform\Infrastructure\Platform.Infrastructure\Platform.Infrastructure.csproj", "{304D3F3C-9A62-4A2A-B337-A0D7CA1D734B}"
EndProject
Project("{9A19103F-16F7-4668-BE54-9A1E7A4F7556}") = "Platform.Persistence", "Platform\Infrastructure\Platform.Persistence\Platform.Persistence.csproj", "{17542049-2695-45AE-8E91-C20960A64727}"
EndProject
Project("{9A19103F-16F7-4668-BE54-9A1E7A4F7556}") = "Platform.Api", "Platform\Presentation\Platform.Api\Platform.Api.csproj", "{2808636E-46AD-44C1-AD9E-BBE6A66FE6D5}"
EndProject
Project("{9A19103F-16F7-4668-BE54-9A1E7A4F7556}") = "BaseProject.Application", "BaseProject\Core\BaseProject.Application\BaseProject.Application.csproj", "{36C9D94C-D236-4D72-89C9-8E4B59B5CB16}"
EndProject
Project("{9A19103F-16F7-4668-BE54-9A1E7A4F7556}") = "BaseProject.Domain", "BaseProject\Core\BaseProject.Domain\BaseProject.Domain.csproj", "{B82BDBEC-6B0C-4976-B20C-52D69F4B9653}"
EndProject
Project("{9A19103F-16F7-4668-BE54-9A1E7A4F7556}") = "BaseProject.Infrastructure", "BaseProject\Infrastructure\BaseProject.Infrastructure\BaseProject.Infrastructure.csproj", "{62B97D2B-07E9-4DC7-8624-99EF0AD83DB0}"
EndProject
Project("{9A19103F-16F7-4668-BE54-9A1E7A4F7556}") = "BaseProject.Persistence", "BaseProject\Infrastructure\BaseProject.Persistence\BaseProject.Persistence.csproj", "{8EE4EABC-7C89-433D-A4BB-CA3E07EA8698}"
EndProject
Project("{9A19103F-16F7-4668-BE54-9A1E7A4F7556}") = "BaseProject.Api", "BaseProject\Presentation\BaseProject.Api\BaseProject.Api.csproj", "{7703E26C-A1B9-40EB-A16F-E28BDCBEA38B}"
EndProject
Project("{2150E333-8FDC-42A3-9474-1A3956D46DE8}") = "CodeUtiltyLibrary", "CodeUtiltyLibrary", "{2AECAC34-DD2C-49A1-98A8-272A6A4D13F5}"
EndProject
Project("{9A19103F-16F7-4668-BE54-9A1E7A4F7556}") = "Utilities", "CodeUtiltyLibrary\Utilities\Utilities.csproj", "{79223251-6DB7-48F2-92E3-AE665C16E0DC}"
EndProject
Project("{2150E333-8FDC-42A3-9474-1A3956D46DE8}") = "Crm", "Crm", "{D92721D3-704E-4392-A750-9C05F0DBFDCD}"
EndProject
Project("{2150E333-8FDC-42A3-9474-1A3956D46DE8}") = "Core", "Core", "{E25BED47-7AB4-4649-B510-F24F83B110A4}"
EndProject
Project("{2150E333-8FDC-42A3-9474-1A3956D46DE8}") = "Infrastructure", "Infrastructure", "{318EAC1A-FA4F-4BFE-AC27-7350D6C8C94D}"
EndProject
Project("{2150E333-8FDC-42A3-9474-1A3956D46DE8}") = "Presentation", "Presentation", "{39BBADA8-C01A-423E-B124-C091FB8A53F2}"
EndProject
Project("{9A19103F-16F7-4668-BE54-9A1E7A4F7556}") = "Crm.Application", "Crm\Core\Crm.Application\Crm.Application.csproj", "{8B1C2EAF-C50B-4E9A-B104-031805D08F55}"
EndProject
Project("{9A19103F-16F7-4668-BE54-9A1E7A4F7556}") = "Crm.Infrastructure", "Crm\Infrastructure\Crm.Infrastructure\Crm.Infrastructure.csproj", "{9205ED48-D3E3-447E-B0E7-6774FED69539}"
EndProject
Project("{9A19103F-16F7-4668-BE54-9A1E7A4F7556}") = "Crm.Persistence", "Crm\Infrastructure\Crm.Persistence\Crm.Persistence.csproj", "{58106711-B73D-4E7B-BFB4-D85EBA4446BB}"
EndProject
Project("{9A19103F-16F7-4668-BE54-9A1E7A4F7556}") = "Crm.Api", "Crm\Presentation\Crm.Api\Crm.Api.csproj", "{4F7ADCF6-86EF-43B1-BAEF-44B6867E12AF}"
EndProject
Project("{2150E333-8FDC-42A3-9474-1A3956D46DE8}") = "Card", "Card", "{05E3BA47-F7D9-4A98-BAFF-9ABEB62A5392}"
EndProject
Project("{2150E333-8FDC-42A3-9474-1A3956D46DE8}") = "Core", "Core", "{228B4A80-E4C7-4F86-A1DC-C45564D9D47B}"
EndProject
Project("{2150E333-8FDC-42A3-9474-1A3956D46DE8}") = "Infastructure", "Infastructure", "{EF28FD2A-EC78-480D-AB1A-725FCD508841}"
EndProject
Project("{2150E333-8FDC-42A3-9474-1A3956D46DE8}") = "Presentation", "Presentation", "{193F0807-B869-4E5F-B06F-DE60AE94F132}"
EndProject
Project("{9A19103F-16F7-4668-BE54-9A1E7A4F7556}") = "Card.Application", "Card\Core\Card.Application\Card.Application.csproj", "{23BAC569-B988-4CFA-B018-2256B703D39C}"
EndProject
Project("{9A19103F-16F7-4668-BE54-9A1E7A4F7556}") = "Card.Infrastructure", "Card\Infrastructure\Card.Infrastructure\Card.Infrastructure.csproj", "{DE457B43-078E-421A-8C4B-70F39221E429}"
EndProject
Project("{9A19103F-16F7-4668-BE54-9A1E7A4F7556}") = "Card.Persistence", "Card\Infrastructure\Card.Persistence\Card.Persistence.csproj", "{ED63FBC5-DF71-4535-B761-F176B723BED4}"
EndProject
Project("{9A19103F-16F7-4668-BE54-9A1E7A4F7556}") = "Card.Api", "Card\Presentation\Card.Api\Card.Api.csproj", "{711AE978-E7E7-4DD3-8A23-C2DC4829C6E2}"
EndProject
Project("{2150E333-8FDC-42A3-9474-1A3956D46DE8}") = "HR", "HR", "{3631D4B6-CBCA-4ADD-AE9F-969B4F2950AE}"
EndProject
Project("{2150E333-8FDC-42A3-9474-1A3956D46DE8}") = "Core", "Core", "{57D8C01F-8D46-4215-8FE0-69B4A065E9C7}"
EndProject
Project("{2150E333-8FDC-42A3-9474-1A3956D46DE8}") = "Infrastructure", "Infrastructure", "{CF9CF337-6D2C-4BE3-AB43-4374F8BD2AFA}"
EndProject
Project("{2150E333-8FDC-42A3-9474-1A3956D46DE8}") = "Presentation", "Presentation", "{63C70FCB-0C26-4F78-AB4B-33B341AF7336}"
EndProject
Project("{2150E333-8FDC-42A3-9474-1A3956D46DE8}") = "Control", "Control", "{B692D526-397D-493E-B0E3-62FAAEEA1545}"
EndProject
Project("{2150E333-8FDC-42A3-9474-1A3956D46DE8}") = "Core", "Core", "{53E7B786-03F8-41AB-B4F5-AC83DBC938B1}"
EndProject
Project("{2150E333-8FDC-42A3-9474-1A3956D46DE8}") = "Infrastructure", "Infrastructure", "{E924337F-A3B2-49F6-8F2C-374CE5DCC58B}"
EndProject
Project("{2150E333-8FDC-42A3-9474-1A3956D46DE8}") = "Presentation", "Presentation", "{57F4341F-3C70-4F2C-AF13-8416CC7A9789}"
EndProject
Project("{9A19103F-16F7-4668-BE54-9A1E7A4F7556}") = "GControl.Infrastructure", "GControl\Infrastructure\GControl.Infrastructure\GControl.Infrastructure.csproj", "{4E970692-9913-4323-A119-3946B50C112F}"
EndProject
Project("{9A19103F-16F7-4668-BE54-9A1E7A4F7556}") = "GControl.Persistence", "GControl\Infrastructure\GControl.Persistence\GControl.Persistence.csproj", "{F8917427-485E-4F74-B025-6D4CC0C07C19}"
EndProject
Project("{9A19103F-16F7-4668-BE54-9A1E7A4F7556}") = "GControl.Api", "GControl\Presentation\GControl.Api\GControl.Api.csproj", "{7138CD84-A93A-4080-972E-C398ABD677CB}"
EndProject
Project("{9A19103F-16F7-4668-BE54-9A1E7A4F7556}") = "HR.Api", "HR\Presentation\HR.Api\HR.Api.csproj", "{E5DEDA5E-55C2-4879-8FF1-9648BCA34D15}"
EndProject
Project("{9A19103F-16F7-4668-BE54-9A1E7A4F7556}") = "HR.Infrastructure", "HR\Infrastructure\HR.Infrastructure\HR.Infrastructure.csproj", "{9397CE2B-21F1-4BB6-BE6E-8D5BCFE7EE53}"
EndProject
Project("{9A19103F-16F7-4668-BE54-9A1E7A4F7556}") = "HR.Persistence", "HR\Infrastructure\HR.Persistence\HR.Persistence.csproj", "{3739B22C-531E-4AE3-9FAA-E0E9D487540D}"
EndProject
Project("{9A19103F-16F7-4668-BE54-9A1E7A4F7556}") = "HR.Application", "HR\Core\HR.Application\HR.Application.csproj", "{3B1CF0B4-A5C9-4CC2-93B9-130485CE4995}"
EndProject
Project("{9A19103F-16F7-4668-BE54-9A1E7A4F7556}") = "Charge.Application", "Charge\Core\Charge.Application\Charge.Application.csproj", "{7A099B3F-489B-4F96-B02C-D50E4C357CB8}"
EndProject
Project("{2150E333-8FDC-42A3-9474-1A3956D46DE8}") = "Charge", "Charge", "{B53ADB77-6A75-495B-9449-CC7ECACEBBD7}"
EndProject
Project("{2150E333-8FDC-42A3-9474-1A3956D46DE8}") = "Core", "Core", "{8B95EA30-45AF-43B8-87B0-2AB8803868A8}"
EndProject
Project("{9A19103F-16F7-4668-BE54-9A1E7A4F7556}") = "Charge.Domain", "Charge\Core\Charge.Domain\Charge.Domain.csproj", "{66A0FA7E-0911-4F17-89F2-0FF0489EEC56}"
EndProject
Project("{2150E333-8FDC-42A3-9474-1A3956D46DE8}") = "Infrastructure", "Infrastructure", "{8D29F396-7CA4-4C2F-A670-416792CCD88F}"
EndProject
Project("{2150E333-8FDC-42A3-9474-1A3956D46DE8}") = "Presentation", "Presentation", "{5BD1C019-D11D-4B48-AC9C-68E869FD0291}"
EndProject
Project("{9A19103F-16F7-4668-BE54-9A1E7A4F7556}") = "Charge.Infrastructure", "Charge\Infrastructure\Charge.Infrastructure\Charge.Infrastructure.csproj", "{696443E4-033B-4F05-8D18-13953306CEA3}"
EndProject
Project("{9A19103F-16F7-4668-BE54-9A1E7A4F7556}") = "Charge.Persistence", "Charge\Infrastructure\Charge.Persistence\Charge.Persistence.csproj", "{854CC104-37A5-4786-8020-69C89317F04E}"
EndProject
Project("{9A19103F-16F7-4668-BE54-9A1E7A4F7556}") = "Charge.Api", "Charge\Presentation\Charge.Api\Charge.Api.csproj", "{38D6791F-481F-49DF-86D0-686F5F5EB685}"
EndProject
Project("{9A19103F-16F7-4668-BE54-9A1E7A4F7556}") = "GControl.Application", "GControl\Core\GControl.Application\GControl.Application.csproj", "{0068899C-EA32-4E21-8041-A83FFB213061}"
EndProject
Project("{9A19103F-16F7-4668-BE54-9A1E7A4F7556}") = "OCPP.Core.Management", "Charge\Presentation\OCPP.Core.Management\OCPP.Core.Management.csproj", "{37ADE409-8175-4C4F-B464-A77CF50510F3}"
EndProject
Project("{9A19103F-16F7-4668-BE54-9A1E7A4F7556}") = "OCPP.Core.Server", "Charge\Presentation\OCPP.Core.Server\OCPP.Core.Server.csproj", "{73EC8670-9806-4193-B46F-7651910EF6C5}"
EndProject
Project("{9A19103F-16F7-4668-BE54-9A1E7A4F7556}") = "Charge.SignalR", "Charge\Infrastructure\Charge.SignalR\Charge.SignalR.csproj", "{7CD486E1-1E1B-43FB-89F8-A3275E4B3271}"
EndProject
Global
	GlobalSection(SolutionConfigurationPlatforms) = preSolution
		Debug|Any CPU = Debug|Any CPU
		Release|Any CPU = Release|Any CPU
	EndGlobalSection
	GlobalSection(ProjectConfigurationPlatforms) = postSolution
		{0293F589-0E13-42C2-9ED2-A78C9F699CC4}.Debug|Any CPU.ActiveCfg = Debug|Any CPU
		{0293F589-0E13-42C2-9ED2-A78C9F699CC4}.Debug|Any CPU.Build.0 = Debug|Any CPU
		{0293F589-0E13-42C2-9ED2-A78C9F699CC4}.Release|Any CPU.ActiveCfg = Release|Any CPU
		{0293F589-0E13-42C2-9ED2-A78C9F699CC4}.Release|Any CPU.Build.0 = Release|Any CPU
		{2CAFB873-B6D8-4668-9416-32A26D647563}.Debug|Any CPU.ActiveCfg = Debug|Any CPU
		{2CAFB873-B6D8-4668-9416-32A26D647563}.Debug|Any CPU.Build.0 = Debug|Any CPU
		{2CAFB873-B6D8-4668-9416-32A26D647563}.Release|Any CPU.ActiveCfg = Release|Any CPU
		{2CAFB873-B6D8-4668-9416-32A26D647563}.Release|Any CPU.Build.0 = Release|Any CPU
		{304D3F3C-9A62-4A2A-B337-A0D7CA1D734B}.Debug|Any CPU.ActiveCfg = Debug|Any CPU
		{304D3F3C-9A62-4A2A-B337-A0D7CA1D734B}.Debug|Any CPU.Build.0 = Debug|Any CPU
		{304D3F3C-9A62-4A2A-B337-A0D7CA1D734B}.Release|Any CPU.ActiveCfg = Release|Any CPU
		{304D3F3C-9A62-4A2A-B337-A0D7CA1D734B}.Release|Any CPU.Build.0 = Release|Any CPU
		{17542049-2695-45AE-8E91-C20960A64727}.Debug|Any CPU.ActiveCfg = Debug|Any CPU
		{17542049-2695-45AE-8E91-C20960A64727}.Debug|Any CPU.Build.0 = Debug|Any CPU
		{17542049-2695-45AE-8E91-C20960A64727}.Release|Any CPU.ActiveCfg = Release|Any CPU
		{17542049-2695-45AE-8E91-C20960A64727}.Release|Any CPU.Build.0 = Release|Any CPU
		{2808636E-46AD-44C1-AD9E-BBE6A66FE6D5}.Debug|Any CPU.ActiveCfg = Debug|Any CPU
		{2808636E-46AD-44C1-AD9E-BBE6A66FE6D5}.Debug|Any CPU.Build.0 = Debug|Any CPU
		{2808636E-46AD-44C1-AD9E-BBE6A66FE6D5}.Release|Any CPU.ActiveCfg = Release|Any CPU
		{2808636E-46AD-44C1-AD9E-BBE6A66FE6D5}.Release|Any CPU.Build.0 = Release|Any CPU
		{36C9D94C-D236-4D72-89C9-8E4B59B5CB16}.Debug|Any CPU.ActiveCfg = Debug|Any CPU
		{36C9D94C-D236-4D72-89C9-8E4B59B5CB16}.Debug|Any CPU.Build.0 = Debug|Any CPU
		{36C9D94C-D236-4D72-89C9-8E4B59B5CB16}.Release|Any CPU.ActiveCfg = Release|Any CPU
		{36C9D94C-D236-4D72-89C9-8E4B59B5CB16}.Release|Any CPU.Build.0 = Release|Any CPU
		{B82BDBEC-6B0C-4976-B20C-52D69F4B9653}.Debug|Any CPU.ActiveCfg = Debug|Any CPU
		{B82BDBEC-6B0C-4976-B20C-52D69F4B9653}.Debug|Any CPU.Build.0 = Debug|Any CPU
		{B82BDBEC-6B0C-4976-B20C-52D69F4B9653}.Release|Any CPU.ActiveCfg = Release|Any CPU
		{B82BDBEC-6B0C-4976-B20C-52D69F4B9653}.Release|Any CPU.Build.0 = Release|Any CPU
		{62B97D2B-07E9-4DC7-8624-99EF0AD83DB0}.Debug|Any CPU.ActiveCfg = Debug|Any CPU
		{62B97D2B-07E9-4DC7-8624-99EF0AD83DB0}.Debug|Any CPU.Build.0 = Debug|Any CPU
		{62B97D2B-07E9-4DC7-8624-99EF0AD83DB0}.Release|Any CPU.ActiveCfg = Release|Any CPU
		{62B97D2B-07E9-4DC7-8624-99EF0AD83DB0}.Release|Any CPU.Build.0 = Release|Any CPU
		{8EE4EABC-7C89-433D-A4BB-CA3E07EA8698}.Debug|Any CPU.ActiveCfg = Debug|Any CPU
		{8EE4EABC-7C89-433D-A4BB-CA3E07EA8698}.Debug|Any CPU.Build.0 = Debug|Any CPU
		{8EE4EABC-7C89-433D-A4BB-CA3E07EA8698}.Release|Any CPU.ActiveCfg = Release|Any CPU
		{8EE4EABC-7C89-433D-A4BB-CA3E07EA8698}.Release|Any CPU.Build.0 = Release|Any CPU
		{7703E26C-A1B9-40EB-A16F-E28BDCBEA38B}.Debug|Any CPU.ActiveCfg = Debug|Any CPU
		{7703E26C-A1B9-40EB-A16F-E28BDCBEA38B}.Debug|Any CPU.Build.0 = Debug|Any CPU
		{7703E26C-A1B9-40EB-A16F-E28BDCBEA38B}.Release|Any CPU.ActiveCfg = Release|Any CPU
		{7703E26C-A1B9-40EB-A16F-E28BDCBEA38B}.Release|Any CPU.Build.0 = Release|Any CPU
		{79223251-6DB7-48F2-92E3-AE665C16E0DC}.Debug|Any CPU.ActiveCfg = Debug|Any CPU
		{79223251-6DB7-48F2-92E3-AE665C16E0DC}.Debug|Any CPU.Build.0 = Debug|Any CPU
		{79223251-6DB7-48F2-92E3-AE665C16E0DC}.Release|Any CPU.ActiveCfg = Release|Any CPU
		{79223251-6DB7-48F2-92E3-AE665C16E0DC}.Release|Any CPU.Build.0 = Release|Any CPU
		{8B1C2EAF-C50B-4E9A-B104-031805D08F55}.Debug|Any CPU.ActiveCfg = Debug|Any CPU
		{8B1C2EAF-C50B-4E9A-B104-031805D08F55}.Debug|Any CPU.Build.0 = Debug|Any CPU
		{8B1C2EAF-C50B-4E9A-B104-031805D08F55}.Release|Any CPU.ActiveCfg = Release|Any CPU
		{8B1C2EAF-C50B-4E9A-B104-031805D08F55}.Release|Any CPU.Build.0 = Release|Any CPU
		{9205ED48-D3E3-447E-B0E7-6774FED69539}.Debug|Any CPU.ActiveCfg = Debug|Any CPU
		{9205ED48-D3E3-447E-B0E7-6774FED69539}.Debug|Any CPU.Build.0 = Debug|Any CPU
		{9205ED48-D3E3-447E-B0E7-6774FED69539}.Release|Any CPU.ActiveCfg = Release|Any CPU
		{9205ED48-D3E3-447E-B0E7-6774FED69539}.Release|Any CPU.Build.0 = Release|Any CPU
		{58106711-B73D-4E7B-BFB4-D85EBA4446BB}.Debug|Any CPU.ActiveCfg = Debug|Any CPU
		{58106711-B73D-4E7B-BFB4-D85EBA4446BB}.Debug|Any CPU.Build.0 = Debug|Any CPU
		{58106711-B73D-4E7B-BFB4-D85EBA4446BB}.Release|Any CPU.ActiveCfg = Release|Any CPU
		{58106711-B73D-4E7B-BFB4-D85EBA4446BB}.Release|Any CPU.Build.0 = Release|Any CPU
		{4F7ADCF6-86EF-43B1-BAEF-44B6867E12AF}.Debug|Any CPU.ActiveCfg = Debug|Any CPU
		{4F7ADCF6-86EF-43B1-BAEF-44B6867E12AF}.Debug|Any CPU.Build.0 = Debug|Any CPU
		{4F7ADCF6-86EF-43B1-BAEF-44B6867E12AF}.Release|Any CPU.ActiveCfg = Release|Any CPU
		{4F7ADCF6-86EF-43B1-BAEF-44B6867E12AF}.Release|Any CPU.Build.0 = Release|Any CPU
		{23BAC569-B988-4CFA-B018-2256B703D39C}.Debug|Any CPU.ActiveCfg = Debug|Any CPU
		{23BAC569-B988-4CFA-B018-2256B703D39C}.Debug|Any CPU.Build.0 = Debug|Any CPU
		{23BAC569-B988-4CFA-B018-2256B703D39C}.Release|Any CPU.ActiveCfg = Release|Any CPU
		{23BAC569-B988-4CFA-B018-2256B703D39C}.Release|Any CPU.Build.0 = Release|Any CPU
		{DE457B43-078E-421A-8C4B-70F39221E429}.Debug|Any CPU.ActiveCfg = Debug|Any CPU
		{DE457B43-078E-421A-8C4B-70F39221E429}.Debug|Any CPU.Build.0 = Debug|Any CPU
		{DE457B43-078E-421A-8C4B-70F39221E429}.Release|Any CPU.ActiveCfg = Release|Any CPU
		{DE457B43-078E-421A-8C4B-70F39221E429}.Release|Any CPU.Build.0 = Release|Any CPU
		{ED63FBC5-DF71-4535-B761-F176B723BED4}.Debug|Any CPU.ActiveCfg = Debug|Any CPU
		{ED63FBC5-DF71-4535-B761-F176B723BED4}.Debug|Any CPU.Build.0 = Debug|Any CPU
		{ED63FBC5-DF71-4535-B761-F176B723BED4}.Release|Any CPU.ActiveCfg = Release|Any CPU
		{ED63FBC5-DF71-4535-B761-F176B723BED4}.Release|Any CPU.Build.0 = Release|Any CPU
		{711AE978-E7E7-4DD3-8A23-C2DC4829C6E2}.Debug|Any CPU.ActiveCfg = Debug|Any CPU
		{711AE978-E7E7-4DD3-8A23-C2DC4829C6E2}.Debug|Any CPU.Build.0 = Debug|Any CPU
		{711AE978-E7E7-4DD3-8A23-C2DC4829C6E2}.Release|Any CPU.ActiveCfg = Release|Any CPU
		{711AE978-E7E7-4DD3-8A23-C2DC4829C6E2}.Release|Any CPU.Build.0 = Release|Any CPU
		{4E970692-9913-4323-A119-3946B50C112F}.Debug|Any CPU.ActiveCfg = Debug|Any CPU
		{4E970692-9913-4323-A119-3946B50C112F}.Debug|Any CPU.Build.0 = Debug|Any CPU
		{4E970692-9913-4323-A119-3946B50C112F}.Release|Any CPU.ActiveCfg = Release|Any CPU
		{4E970692-9913-4323-A119-3946B50C112F}.Release|Any CPU.Build.0 = Release|Any CPU
		{F8917427-485E-4F74-B025-6D4CC0C07C19}.Debug|Any CPU.ActiveCfg = Debug|Any CPU
		{F8917427-485E-4F74-B025-6D4CC0C07C19}.Debug|Any CPU.Build.0 = Debug|Any CPU
		{F8917427-485E-4F74-B025-6D4CC0C07C19}.Release|Any CPU.ActiveCfg = Release|Any CPU
		{F8917427-485E-4F74-B025-6D4CC0C07C19}.Release|Any CPU.Build.0 = Release|Any CPU
		{7138CD84-A93A-4080-972E-C398ABD677CB}.Debug|Any CPU.ActiveCfg = Debug|Any CPU
		{7138CD84-A93A-4080-972E-C398ABD677CB}.Debug|Any CPU.Build.0 = Debug|Any CPU
		{7138CD84-A93A-4080-972E-C398ABD677CB}.Release|Any CPU.ActiveCfg = Release|Any CPU
		{7138CD84-A93A-4080-972E-C398ABD677CB}.Release|Any CPU.Build.0 = Release|Any CPU
		{E5DEDA5E-55C2-4879-8FF1-9648BCA34D15}.Debug|Any CPU.ActiveCfg = Debug|Any CPU
		{E5DEDA5E-55C2-4879-8FF1-9648BCA34D15}.Debug|Any CPU.Build.0 = Debug|Any CPU
		{E5DEDA5E-55C2-4879-8FF1-9648BCA34D15}.Release|Any CPU.ActiveCfg = Release|Any CPU
		{E5DEDA5E-55C2-4879-8FF1-9648BCA34D15}.Release|Any CPU.Build.0 = Release|Any CPU
		{9397CE2B-21F1-4BB6-BE6E-8D5BCFE7EE53}.Debug|Any CPU.ActiveCfg = Debug|Any CPU
		{9397CE2B-21F1-4BB6-BE6E-8D5BCFE7EE53}.Debug|Any CPU.Build.0 = Debug|Any CPU
		{9397CE2B-21F1-4BB6-BE6E-8D5BCFE7EE53}.Release|Any CPU.ActiveCfg = Release|Any CPU
		{9397CE2B-21F1-4BB6-BE6E-8D5BCFE7EE53}.Release|Any CPU.Build.0 = Release|Any CPU
		{3739B22C-531E-4AE3-9FAA-E0E9D487540D}.Debug|Any CPU.ActiveCfg = Debug|Any CPU
		{3739B22C-531E-4AE3-9FAA-E0E9D487540D}.Debug|Any CPU.Build.0 = Debug|Any CPU
		{3739B22C-531E-4AE3-9FAA-E0E9D487540D}.Release|Any CPU.ActiveCfg = Release|Any CPU
		{3739B22C-531E-4AE3-9FAA-E0E9D487540D}.Release|Any CPU.Build.0 = Release|Any CPU
		{3B1CF0B4-A5C9-4CC2-93B9-130485CE4995}.Debug|Any CPU.ActiveCfg = Debug|Any CPU
		{3B1CF0B4-A5C9-4CC2-93B9-130485CE4995}.Debug|Any CPU.Build.0 = Debug|Any CPU
		{3B1CF0B4-A5C9-4CC2-93B9-130485CE4995}.Release|Any CPU.ActiveCfg = Release|Any CPU
		{3B1CF0B4-A5C9-4CC2-93B9-130485CE4995}.Release|Any CPU.Build.0 = Release|Any CPU
		{7A099B3F-489B-4F96-B02C-D50E4C357CB8}.Debug|Any CPU.ActiveCfg = Debug|Any CPU
		{7A099B3F-489B-4F96-B02C-D50E4C357CB8}.Debug|Any CPU.Build.0 = Debug|Any CPU
		{7A099B3F-489B-4F96-B02C-D50E4C357CB8}.Release|Any CPU.ActiveCfg = Release|Any CPU
		{7A099B3F-489B-4F96-B02C-D50E4C357CB8}.Release|Any CPU.Build.0 = Release|Any CPU
		{66A0FA7E-0911-4F17-89F2-0FF0489EEC56}.Debug|Any CPU.ActiveCfg = Debug|Any CPU
		{66A0FA7E-0911-4F17-89F2-0FF0489EEC56}.Debug|Any CPU.Build.0 = Debug|Any CPU
		{66A0FA7E-0911-4F17-89F2-0FF0489EEC56}.Release|Any CPU.ActiveCfg = Release|Any CPU
		{66A0FA7E-0911-4F17-89F2-0FF0489EEC56}.Release|Any CPU.Build.0 = Release|Any CPU
		{696443E4-033B-4F05-8D18-13953306CEA3}.Debug|Any CPU.ActiveCfg = Debug|Any CPU
		{696443E4-033B-4F05-8D18-13953306CEA3}.Debug|Any CPU.Build.0 = Debug|Any CPU
		{696443E4-033B-4F05-8D18-13953306CEA3}.Release|Any CPU.ActiveCfg = Release|Any CPU
		{696443E4-033B-4F05-8D18-13953306CEA3}.Release|Any CPU.Build.0 = Release|Any CPU
		{854CC104-37A5-4786-8020-69C89317F04E}.Debug|Any CPU.ActiveCfg = Debug|Any CPU
		{854CC104-37A5-4786-8020-69C89317F04E}.Debug|Any CPU.Build.0 = Debug|Any CPU
		{854CC104-37A5-4786-8020-69C89317F04E}.Release|Any CPU.ActiveCfg = Release|Any CPU
		{854CC104-37A5-4786-8020-69C89317F04E}.Release|Any CPU.Build.0 = Release|Any CPU
		{38D6791F-481F-49DF-86D0-686F5F5EB685}.Debug|Any CPU.ActiveCfg = Debug|Any CPU
		{38D6791F-481F-49DF-86D0-686F5F5EB685}.Debug|Any CPU.Build.0 = Debug|Any CPU
		{38D6791F-481F-49DF-86D0-686F5F5EB685}.Release|Any CPU.ActiveCfg = Release|Any CPU
		{38D6791F-481F-49DF-86D0-686F5F5EB685}.Release|Any CPU.Build.0 = Release|Any CPU
		{0068899C-EA32-4E21-8041-A83FFB213061}.Debug|Any CPU.ActiveCfg = Debug|Any CPU
		{0068899C-EA32-4E21-8041-A83FFB213061}.Debug|Any CPU.Build.0 = Debug|Any CPU
		{0068899C-EA32-4E21-8041-A83FFB213061}.Release|Any CPU.ActiveCfg = Release|Any CPU
		{0068899C-EA32-4E21-8041-A83FFB213061}.Release|Any CPU.Build.0 = Release|Any CPU
		{37ADE409-8175-4C4F-B464-A77CF50510F3}.Debug|Any CPU.ActiveCfg = Debug|Any CPU
		{37ADE409-8175-4C4F-B464-A77CF50510F3}.Debug|Any CPU.Build.0 = Debug|Any CPU
		{37ADE409-8175-4C4F-B464-A77CF50510F3}.Release|Any CPU.ActiveCfg = Release|Any CPU
		{37ADE409-8175-4C4F-B464-A77CF50510F3}.Release|Any CPU.Build.0 = Release|Any CPU
		{73EC8670-9806-4193-B46F-7651910EF6C5}.Debug|Any CPU.ActiveCfg = Debug|Any CPU
		{73EC8670-9806-4193-B46F-7651910EF6C5}.Debug|Any CPU.Build.0 = Debug|Any CPU
		{73EC8670-9806-4193-B46F-7651910EF6C5}.Release|Any CPU.ActiveCfg = Release|Any CPU
		{73EC8670-9806-4193-B46F-7651910EF6C5}.Release|Any CPU.Build.0 = Release|Any CPU
		{7CD486E1-1E1B-43FB-89F8-A3275E4B3271}.Debug|Any CPU.ActiveCfg = Debug|Any CPU
		{7CD486E1-1E1B-43FB-89F8-A3275E4B3271}.Debug|Any CPU.Build.0 = Debug|Any CPU
		{7CD486E1-1E1B-43FB-89F8-A3275E4B3271}.Release|Any CPU.ActiveCfg = Release|Any CPU
		{7CD486E1-1E1B-43FB-89F8-A3275E4B3271}.Release|Any CPU.Build.0 = Release|Any CPU
	EndGlobalSection
	GlobalSection(SolutionProperties) = preSolution
		HideSolutionNode = FALSE
	EndGlobalSection
	GlobalSection(NestedProjects) = preSolution
		{DBC3024C-2BC1-4EF1-AD8A-C2B0C1CE8043} = {FACCA513-C821-4EF7-8680-BF45EEA46126}
		{D0C1B6EA-51B5-466B-B0C9-49456133AC4A} = {FACCA513-C821-4EF7-8680-BF45EEA46126}
		{F1A154E4-87C2-4C54-B821-C8CDDF1529B5} = {FACCA513-C821-4EF7-8680-BF45EEA46126}
		{6C3EB85A-B562-4B18-8F04-494BDC266AD4} = {CCAC0175-F24E-4164-87E0-292798B91CE1}
		{7F6ECA95-0C53-4825-95C9-5C6B3DCEC1AD} = {CCAC0175-F24E-4164-87E0-292798B91CE1}
		{028499CF-69F7-4A45-8C15-4D29C8B8A4F0} = {CCAC0175-F24E-4164-87E0-292798B91CE1}
		{0293F589-0E13-42C2-9ED2-A78C9F699CC4} = {6C3EB85A-B562-4B18-8F04-494BDC266AD4}
		{2CAFB873-B6D8-4668-9416-32A26D647563} = {6C3EB85A-B562-4B18-8F04-494BDC266AD4}
		{304D3F3C-9A62-4A2A-B337-A0D7CA1D734B} = {7F6ECA95-0C53-4825-95C9-5C6B3DCEC1AD}
		{17542049-2695-45AE-8E91-C20960A64727} = {7F6ECA95-0C53-4825-95C9-5C6B3DCEC1AD}
		{2808636E-46AD-44C1-AD9E-BBE6A66FE6D5} = {028499CF-69F7-4A45-8C15-4D29C8B8A4F0}
		{36C9D94C-D236-4D72-89C9-8E4B59B5CB16} = {DBC3024C-2BC1-4EF1-AD8A-C2B0C1CE8043}
		{B82BDBEC-6B0C-4976-B20C-52D69F4B9653} = {DBC3024C-2BC1-4EF1-AD8A-C2B0C1CE8043}
		{62B97D2B-07E9-4DC7-8624-99EF0AD83DB0} = {D0C1B6EA-51B5-466B-B0C9-49456133AC4A}
		{8EE4EABC-7C89-433D-A4BB-CA3E07EA8698} = {D0C1B6EA-51B5-466B-B0C9-49456133AC4A}
		{7703E26C-A1B9-40EB-A16F-E28BDCBEA38B} = {F1A154E4-87C2-4C54-B821-C8CDDF1529B5}
		{79223251-6DB7-48F2-92E3-AE665C16E0DC} = {2AECAC34-DD2C-49A1-98A8-272A6A4D13F5}
		{E25BED47-7AB4-4649-B510-F24F83B110A4} = {D92721D3-704E-4392-A750-9C05F0DBFDCD}
		{318EAC1A-FA4F-4BFE-AC27-7350D6C8C94D} = {D92721D3-704E-4392-A750-9C05F0DBFDCD}
		{39BBADA8-C01A-423E-B124-C091FB8A53F2} = {D92721D3-704E-4392-A750-9C05F0DBFDCD}
		{8B1C2EAF-C50B-4E9A-B104-031805D08F55} = {E25BED47-7AB4-4649-B510-F24F83B110A4}
		{9205ED48-D3E3-447E-B0E7-6774FED69539} = {318EAC1A-FA4F-4BFE-AC27-7350D6C8C94D}
		{58106711-B73D-4E7B-BFB4-D85EBA4446BB} = {318EAC1A-FA4F-4BFE-AC27-7350D6C8C94D}
		{4F7ADCF6-86EF-43B1-BAEF-44B6867E12AF} = {39BBADA8-C01A-423E-B124-C091FB8A53F2}
		{228B4A80-E4C7-4F86-A1DC-C45564D9D47B} = {05E3BA47-F7D9-4A98-BAFF-9ABEB62A5392}
		{EF28FD2A-EC78-480D-AB1A-725FCD508841} = {05E3BA47-F7D9-4A98-BAFF-9ABEB62A5392}
		{193F0807-B869-4E5F-B06F-DE60AE94F132} = {05E3BA47-F7D9-4A98-BAFF-9ABEB62A5392}
		{23BAC569-B988-4CFA-B018-2256B703D39C} = {228B4A80-E4C7-4F86-A1DC-C45564D9D47B}
		{DE457B43-078E-421A-8C4B-70F39221E429} = {EF28FD2A-EC78-480D-AB1A-725FCD508841}
		{ED63FBC5-DF71-4535-B761-F176B723BED4} = {EF28FD2A-EC78-480D-AB1A-725FCD508841}
		{711AE978-E7E7-4DD3-8A23-C2DC4829C6E2} = {193F0807-B869-4E5F-B06F-DE60AE94F132}
		{57D8C01F-8D46-4215-8FE0-69B4A065E9C7} = {3631D4B6-CBCA-4ADD-AE9F-969B4F2950AE}
		{CF9CF337-6D2C-4BE3-AB43-4374F8BD2AFA} = {3631D4B6-CBCA-4ADD-AE9F-969B4F2950AE}
		{63C70FCB-0C26-4F78-AB4B-33B341AF7336} = {3631D4B6-CBCA-4ADD-AE9F-969B4F2950AE}
		{53E7B786-03F8-41AB-B4F5-AC83DBC938B1} = {B692D526-397D-493E-B0E3-62FAAEEA1545}
		{E924337F-A3B2-49F6-8F2C-374CE5DCC58B} = {B692D526-397D-493E-B0E3-62FAAEEA1545}
		{57F4341F-3C70-4F2C-AF13-8416CC7A9789} = {B692D526-397D-493E-B0E3-62FAAEEA1545}
		{4E970692-9913-4323-A119-3946B50C112F} = {E924337F-A3B2-49F6-8F2C-374CE5DCC58B}
		{F8917427-485E-4F74-B025-6D4CC0C07C19} = {E924337F-A3B2-49F6-8F2C-374CE5DCC58B}
		{7138CD84-A93A-4080-972E-C398ABD677CB} = {57F4341F-3C70-4F2C-AF13-8416CC7A9789}
		{E5DEDA5E-55C2-4879-8FF1-9648BCA34D15} = {63C70FCB-0C26-4F78-AB4B-33B341AF7336}
		{9397CE2B-21F1-4BB6-BE6E-8D5BCFE7EE53} = {CF9CF337-6D2C-4BE3-AB43-4374F8BD2AFA}
		{3739B22C-531E-4AE3-9FAA-E0E9D487540D} = {CF9CF337-6D2C-4BE3-AB43-4374F8BD2AFA}
		{3B1CF0B4-A5C9-4CC2-93B9-130485CE4995} = {57D8C01F-8D46-4215-8FE0-69B4A065E9C7}
		{7A099B3F-489B-4F96-B02C-D50E4C357CB8} = {8B95EA30-45AF-43B8-87B0-2AB8803868A8}
		{8B95EA30-45AF-43B8-87B0-2AB8803868A8} = {B53ADB77-6A75-495B-9449-CC7ECACEBBD7}
		{66A0FA7E-0911-4F17-89F2-0FF0489EEC56} = {8B95EA30-45AF-43B8-87B0-2AB8803868A8}
		{8D29F396-7CA4-4C2F-A670-416792CCD88F} = {B53ADB77-6A75-495B-9449-CC7ECACEBBD7}
		{5BD1C019-D11D-4B48-AC9C-68E869FD0291} = {B53ADB77-6A75-495B-9449-CC7ECACEBBD7}
		{696443E4-033B-4F05-8D18-13953306CEA3} = {8D29F396-7CA4-4C2F-A670-416792CCD88F}
		{854CC104-37A5-4786-8020-69C89317F04E} = {8D29F396-7CA4-4C2F-A670-416792CCD88F}
		{38D6791F-481F-49DF-86D0-686F5F5EB685} = {5BD1C019-D11D-4B48-AC9C-68E869FD0291}
		{0068899C-EA32-4E21-8041-A83FFB213061} = {53E7B786-03F8-41AB-B4F5-AC83DBC938B1}
		{37ADE409-8175-4C4F-B464-A77CF50510F3} = {5BD1C019-D11D-4B48-AC9C-68E869FD0291}
		{73EC8670-9806-4193-B46F-7651910EF6C5} = {5BD1C019-D11D-4B48-AC9C-68E869FD0291}
		{7CD486E1-1E1B-43FB-89F8-A3275E4B3271} = {8D29F396-7CA4-4C2F-A670-416792CCD88F}
	EndGlobalSection
	GlobalSection(ExtensibilityGlobals) = postSolution
		SolutionGuid = {B6561E0E-5423-4202-AFF4-55D5D8C9B22A}
	EndGlobalSection
EndGlobal
